
Microsoft Visual Studio Solution File, Format Version 12.00
# Visual Studio Version 17
VisualStudioVersion = 17.0.31903.59
MinimumVisualStudioVersion = 10.0.40219.1
Project("{FAE04EC0-301F-11D3-BF4B-00C04F79EFBC}") = "intercept", "intercept\intercept.csproj", "{9B89603D-916B-4CF7-9202-B9AF313415A5}"
EndProject
Global
	GlobalSection(SolutionConfigurationPlatforms) = preSolution
		Debug|Any CPU = Debug|Any CPU
		Release|Any CPU = Release|Any CPU
	EndGlobalSection
	GlobalSection(ProjectConfigurationPlatforms) = postSolution
		{9B89603D-916B-4CF7-9202-B9AF313415A5}.Debug|Any CPU.ActiveCfg = Debug|Any CPU
		{9B89603D-916B-4CF7-9202-B9AF313415A5}.Debug|Any CPU.Build.0 = Debug|Any CPU
		{9B89603D-916B-4CF7-9202-B9AF313415A5}.Release|Any CPU.ActiveCfg = Release|Any CPU
		{9B89603D-916B-4CF7-9202-B9AF313415A5}.Release|Any CPU.Build.0 = Release|Any CPU
	EndGlobalSection
	GlobalSection(SolutionProperties) = preSolution
		HideSolutionNode = FALSE
	EndGlobalSection
	GlobalSection(ExtensibilityGlobals) = postSolution
		SolutionGuid = {9C160523-A3D7-4CDE-ACCE-1AC9948854E0}
	EndGlobalSection
EndGlobal
